{
  "nodes": {
    "fsroot": {
      "inputs": {
        "nixpkgs": "nixpkgs_2"
      },
      "locked": {
        "lastModified": 1780883023,
        "narHash": "sha256-QCaO7V6rufz07XJGAEH67g+/MP9RViwNJDRVDQbSUMY=",
        "ref": "refs/heads/master",
        "rev": "0f88f56e815b908a64782f52bbd15c68d3118601",
        "shallow": true,
        "type": "git",
        "url": "ssh://git@pksrv/git/pkos_fsroot.git"
      },
      "original": {
        "rev": "0f88f56e815b908a64782f52bbd15c68d3118601",
        "shallow": true,
        "type": "git",
        "url": "ssh://git@pksrv/git/pkos_fsroot.git"
      }
    },
    "fsroot_2": {
      "inputs": {
        "nixpkgs": "nixpkgs_5"
      },
      "locked": {
        "lastModified": 1780883023,
        "narHash": "sha256-QCaO7V6rufz07XJGAEH67g+/MP9RViwNJDRVDQbSUMY=",
        "ref": "refs/heads/master",
        "rev": "0f88f56e815b908a64782f52bbd15c68d3118601",
        "shallow": true,
        "type": "git",
        "url": "ssh://git@pksrv/git/pkos_fsroot.git"
      },
      "original": {
        "rev": "0f88f56e815b908a64782f52bbd15c68d3118601",
        "shallow": true,
        "type": "git",
        "url": "ssh://git@pksrv/git/pkos_fsroot.git"
      }
    },
    "fsroot_3": {
      "inputs": {
        "nixpkgs": "nixpkgs_9"
      },
      "locked": {
        "lastModified": 1780883023,
        "narHash": "sha256-QCaO7V6rufz07XJGAEH67g+/MP9RViwNJDRVDQbSUMY=",
        "ref": "refs/heads/master",
        "rev": "0f88f56e815b908a64782f52bbd15c68d3118601",
        "shallow": true,
        "type": "git",
        "url": "ssh://git@pksrv/git/pkos_fsroot.git"
      },
      "original": {
        "rev": "0f88f56e815b908a64782f52bbd15c68d3118601",
        "shallow": true,
        "type": "git",
        "url": "ssh://git@pksrv/git/pkos_fsroot.git"
      }
    },
    "nixpkgs": {
      "locked": {
        "lastModified": 1782535326,
        "narHash": "sha256-r4TA57SL7nvj1R+GY/FCLwFU48w9IixTQlzBTIYkt8E=",
        "rev": "714a5f8c4ead6b31148d829288440ed033ccc041",
        "type": "tarball",
        "url": "https://releases.nixos.org/nixos/26.05/nixos-26.05.3494.714a5f8c4ead/nixexprs.tar.xz"
      },
      "original": {
        "id": "nixpkgs",
        "ref": "nixos-26.05",
        "type": "indirect"
      }
    },
    "nixpkgs_10": {
      "locked": {
        "lastModified": 1782116945,
        "narHash": "sha256-G3tw/IXmaH6IQ2upZvhuN9sG8CkuX+BLuJDpE8hz0Ds=",
        "owner": "NixOS",
        "repo": "nixpkgs",
        "rev": "34268251cf5547d39063f2c5ea9a196246f7f3a6",
        "type": "github"
      },
      "original": {
        "id": "nixpkgs",
        "ref": "nixos-26.05",
        "type": "indirect"
      }
    },
    "nixpkgs_11": {
      "locked": {
        "lastModified": 1780511130,
        "narHash": "sha256-2v9lT4ya59Lh1FqPeLnz1MoX9y/wz2huqfe9RtQZITk=",
        "owner": "NixOS",
        "repo": "nixpkgs",
        "rev": "535f3e6942cb1cead3929c604320d3db54b542b9",
        "type": "github"
      },
      "original": {
        "id": "nixpkgs",
        "ref": "nixos-25.11",
        "type": "indirect"
      }
    },
    "nixpkgs_12": {
      "locked": {
        "lastModified": 1782116945,
        "narHash": "sha256-G3tw/IXmaH6IQ2upZvhuN9sG8CkuX+BLuJDpE8hz0Ds=",
        "owner": "NixOS",
        "repo": "nixpkgs",
        "rev": "34268251cf5547d39063f2c5ea9a196246f7f3a6",
        "type": "github"
      },
      "original": {
        "id": "nixpkgs",
        "ref": "nixos-26.05",
        "type": "indirect"
      }
    },
    "nixpkgs_13": {
      "locked": {
        "lastModified": 1780511130,
        "narHash": "sha256-2v9lT4ya59Lh1FqPeLnz1MoX9y/wz2huqfe9RtQZITk=",
        "owner": "NixOS",
        "repo": "nixpkgs",
        "rev": "535f3e6942cb1cead3929c604320d3db54b542b9",
        "type": "github"
      },
      "original": {
        "id": "nixpkgs",
        "ref": "nixos-25.11",
        "type": "indirect"
      }
    },
    "nixpkgs_2": {
      "locked": {
        "lastModified": 1780511130,
        "narHash": "sha256-2v9lT4ya59Lh1FqPeLnz1MoX9y/wz2huqfe9RtQZITk=",
        "owner": "NixOS",
        "repo": "nixpkgs",
        "rev": "535f3e6942cb1cead3929c604320d3db54b542b9",
        "type": "github"
      },
      "original": {
        "id": "nixpkgs",
        "ref": "nixos-25.11",
        "type": "indirect"
      }
    },
    "nixpkgs_3": {
      "locked": {
        "lastModified": 1782116945,
        "narHash": "sha256-G3tw/IXmaH6IQ2upZvhuN9sG8CkuX+BLuJDpE8hz0Ds=",
        "owner": "NixOS",
        "repo": "nixpkgs",
        "rev": "34268251cf5547d39063f2c5ea9a196246f7f3a6",
        "type": "github"
      },
      "original": {
        "id": "nixpkgs",
        "ref": "nixos-26.05",
        "type": "indirect"
      }
    },
    "nixpkgs_4": {
      "locked": {
        "lastModified": 1782116945,
        "narHash": "sha256-G3tw/IXmaH6IQ2upZvhuN9sG8CkuX+BLuJDpE8hz0Ds=",
        "owner": "NixOS",
        "repo": "nixpkgs",
        "rev": "34268251cf5547d39063f2c5ea9a196246f7f3a6",
        "type": "github"
      },
      "original": {
        "id": "nixpkgs",
        "ref": "nixos-26.05",
        "type": "indirect"
      }
    },
    "nixpkgs_5": {
      "locked": {
        "lastModified": 1780511130,
        "narHash": "sha256-2v9lT4ya59Lh1FqPeLnz1MoX9y/wz2huqfe9RtQZITk=",
        "owner": "NixOS",
        "repo": "nixpkgs",
        "rev": "535f3e6942cb1cead3929c604320d3db54b542b9",
        "type": "github"
      },
      "original": {
        "id": "nixpkgs",
        "ref": "nixos-25.11",
        "type": "indirect"
      }
    },
    "nixpkgs_6": {
      "locked": {
        "lastModified": 1782116945,
        "narHash": "sha256-G3tw/IXmaH6IQ2upZvhuN9sG8CkuX+BLuJDpE8hz0Ds=",
        "owner": "NixOS",
        "repo": "nixpkgs",
        "rev": "34268251cf5547d39063f2c5ea9a196246f7f3a6",
        "type": "github"
      },
      "original": {
        "id": "nixpkgs",
        "ref": "nixos-26.05",
        "type": "indirect"
      }
    },
    "nixpkgs_7": {
      "locked": {
        "lastModified": 1782651437,
        "narHash": "sha256-10srBgrJz7JOWzS1KG5BhrwHCUPTcPqZgwNKo5N9YE4=",
        "owner": "NixOS",
        "repo": "nixpkgs",
        "rev": "0a47451dbe2082a660b88a79a83efdc8d85de445",
        "type": "github"
      },
      "original": {
        "id": "nixpkgs",
        "ref": "nixos-25.11",
        "type": "indirect"
      }
    },
    "nixpkgs_8": {
      "locked": {
        "lastModified": 1782651437,
        "narHash": "sha256-10srBgrJz7JOWzS1KG5BhrwHCUPTcPqZgwNKo5N9YE4=",
        "owner": "NixOS",
        "repo": "nixpkgs",
        "rev": "0a47451dbe2082a660b88a79a83efdc8d85de445",
        "type": "github"
      },
      "original": {
        "id": "nixpkgs",
        "ref": "nixos-25.11",
        "type": "indirect"
      }
    },
    "nixpkgs_9": {
      "locked": {
        "lastModified": 1780511130,
        "narHash": "sha256-2v9lT4ya59Lh1FqPeLnz1MoX9y/wz2huqfe9RtQZITk=",
        "owner": "NixOS",
        "repo": "nixpkgs",
        "rev": "535f3e6942cb1cead3929c604320d3db54b542b9",
        "type": "github"
      },
      "original": {
        "id": "nixpkgs",
        "ref": "nixos-25.11",
        "type": "indirect"
      }
    },
    "pkos_binutils_flake": {
      "inputs": {
        "fsroot": "fsroot",
        "nixpkgs": "nixpkgs_3"
      },
      "locked": {
        "lastModified": 1782268465,
        "narHash": "sha256-Nz7Csq7iQiBN2EPX+tC9t8XLFAVZ0bBll1CATxAhNfc=",
        "ref": "refs/heads/master",
        "rev": "c3b3e890d00cdedfbfafb70b06beb428c4b195bd",
        "shallow": true,
        "type": "git",
        "url": "ssh://git@pksrv/git/pkos_binutils.git"
      },
      "original": {
        "rev": "c3b3e890d00cdedfbfafb70b06beb428c4b195bd",
        "shallow": true,
        "type": "git",
        "url": "ssh://git@pksrv/git/pkos_binutils.git"
      }
    },
    "pkos_binutils_flake_2": {
      "inputs": {
        "fsroot": "fsroot_2",
        "nixpkgs": "nixpkgs_6"
      },
      "locked": {
        "lastModified": 1782268465,
        "narHash": "sha256-Nz7Csq7iQiBN2EPX+tC9t8XLFAVZ0bBll1CATxAhNfc=",
        "ref": "refs/heads/master",
        "rev": "c3b3e890d00cdedfbfafb70b06beb428c4b195bd",
        "shallow": true,
        "type": "git",
        "url": "ssh://git@pksrv/git/pkos_binutils.git"
      },
      "original": {
        "rev": "c3b3e890d00cdedfbfafb70b06beb428c4b195bd",
        "shallow": true,
        "type": "git",
        "url": "ssh://git@pksrv/git/pkos_binutils.git"
      }
    },
    "pkos_binutils_flake_3": {
      "inputs": {
        "fsroot": "fsroot_3",
        "nixpkgs": "nixpkgs_10"
      },
      "locked": {
        "lastModified": 1782781092,
        "narHash": "sha256-KmfIcudMWsJT5ujgUDd5A65aeoP9VFPWQSW+HxTGBKQ=",
        "ref": "refs/heads/master",
        "rev": "9b90b1a42da23c5ff810035580a7ac3a0c6685f5",
        "shallow": true,
        "type": "git",
        "url": "ssh://git@pksrv/git/pkos_binutils.git"
      },
      "original": {
        "rev": "9b90b1a42da23c5ff810035580a7ac3a0c6685f5",
        "shallow": true,
        "type": "git",
        "url": "ssh://git@pksrv/git/pkos_binutils.git"
      }
    },
    "pkos_fsroot_flake": {
      "inputs": {
        "nixpkgs": "nixpkgs_7",
        "stdlib_flake": "stdlib_flake"
      },
      "locked": {
        "lastModified": 1782782643,
        "narHash": "sha256-TrPqfaXNdz3/qzpBDJh6ny9dAhVvZfbNiU5rnPume4A=",
        "ref": "refs/heads/master",
        "rev": "fc8c552a8b9a8fcaffd34ab99dd8cc3917a956d8",
        "shallow": true,
        "type": "git",
        "url": "ssh://git@pksrv/git/pkos_fsroot.git"
      },
      "original": {
        "rev": "fc8c552a8b9a8fcaffd34ab99dd8cc3917a956d8",
        "shallow": true,
        "type": "git",
        "url": "ssh://git@pksrv/git/pkos_fsroot.git"
      }
    },
    "pkos_fsroot_flake_2": {
      "inputs": {
        "nixpkgs": "nixpkgs_11"
      },
      "locked": {
        "lastModified": 1782779354,
        "narHash": "sha256-fllvu3rZeTpAo4/ruMbwrUUGedE1sgeoqvyhsltGURw=",
        "ref": "refs/heads/master",
        "rev": "cee5004e817b96c5aa675f67126cce5351b4e24c",
        "shallow": true,
        "type": "git",
        "url": "ssh://git@pksrv/git/pkos_fsroot.git"
      },
      "original": {
        "rev": "cee5004e817b96c5aa675f67126cce5351b4e24c",
        "shallow": true,
        "type": "git",
        "url": "ssh://git@pksrv/git/pkos_fsroot.git"
      }
    },
    "pkos_fsroot_flake_3": {
      "inputs": {
        "nixpkgs": "nixpkgs_13"
      },
      "locked": {
        "lastModified": 1782779354,
        "narHash": "sha256-fllvu3rZeTpAo4/ruMbwrUUGedE1sgeoqvyhsltGURw=",
        "ref": "refs/heads/master",
        "rev": "cee5004e817b96c5aa675f67126cce5351b4e24c",
        "shallow": true,
        "type": "git",
        "url": "ssh://git@pksrv/git/pkos_fsroot.git"
      },
      "original": {
        "rev": "cee5004e817b96c5aa675f67126cce5351b4e24c",
        "shallow": true,
        "type": "git",
        "url": "ssh://git@pksrv/git/pkos_fsroot.git"
      }
    },
    "pkos_gcc_flake": {
      "inputs": {
        "nixpkgs": "nixpkgs_4",
        "pkos_binutils_flake": "pkos_binutils_flake_2",
        "pkos_fsroot_flake": "pkos_fsroot_flake"
      },
      "locked": {
        "lastModified": 1782783237,
        "narHash": "sha256-siEuOLLg/ZjH9ctDoc1AtX5cDcRfcgLWzkJkAVEdz6g=",
        "ref": "refs/heads/master",
        "rev": "4d2e320e39c7effd1296f0764f34b20939680688",
        "shallow": true,
        "type": "git",
        "url": "ssh://git@pksrv/git/pkos_gcc.git"
      },
      "original": {
        "rev": "4d2e320e39c7effd1296f0764f34b20939680688",
        "shallow": true,
        "type": "git",
        "url": "ssh://git@pksrv/git/pkos_gcc.git"
      }
    },
    "pkos_gcc_flake_2": {
      "inputs": {
        "nixpkgs": "nixpkgs_12",
        "pkos_fsroot_flake": "pkos_fsroot_flake_3"
      },
      "locked": {
        "lastModified": 1782780539,
        "narHash": "sha256-uauKcNl3qy9ANrm2aoxcxmPn5HKSSVd8vT6tI+1Qv4Y=",
        "ref": "refs/heads/master",
        "rev": "42adab587a39676ca7a2ba9fdb86633af0159504",
        "shallow": true,
        "type": "git",
        "url": "ssh://git@pksrv/git/pkos_gcc.git"
      },
      "original": {
        "rev": "42adab587a39676ca7a2ba9fdb86633af0159504",
        "shallow": true,
        "type": "git",
        "url": "ssh://git@pksrv/git/pkos_gcc.git"
      }
    },
    "root": {
      "inputs": {
        "nixpkgs": "nixpkgs",
        "pkos_binutils_flake": "pkos_binutils_flake",
        "pkos_gcc_flake": "pkos_gcc_flake",
        "utils": "utils"
      }
    },
    "stdlib_flake": {
      "inputs": {
        "nixpkgs": "nixpkgs_8",
        "pkos_binutils_flake": "pkos_binutils_flake_3",
        "pkos_fsroot_flake": "pkos_fsroot_flake_2",
        "pkos_gcc_flake": "pkos_gcc_flake_2"
      },
      "locked": {
        "lastModified": 1782782543,
        "narHash": "sha256-3BAzxU/p/4Zp+BYr1vHTdtZ6KPiQdHa6MYrUL9Ya0yc=",
        "ref": "refs/heads/master",
        "rev": "814b38891c8c7034c946fada84a0500ce1f6ae2c",
        "shallow": true,
        "type": "git",
        "url": "ssh://git@pksrv/git/pkstdlib.git"
      },
      "original": {
        "rev": "814b38891c8c7034c946fada84a0500ce1f6ae2c",
        "shallow": true,
        "type": "git",
        "url": "ssh://git@pksrv/git/pkstdlib.git"
      }
    },
    "systems": {
      "locked": {
        "lastModified": 1681028828,
        "narHash": "sha256-Vy1rq5AaRuLzOxct8nz4T6wlgyUR7zLU309k9mBC768=",
        "owner": "nix-systems",
        "repo": "default",
        "rev": "da67096a3b9bf56a91d16901293e51ba5b49a27e",
        "type": "github"
      },
      "original": {
        "owner": "nix-systems",
        "repo": "default",
        "type": "github"
      }
    },
    "utils": {
      "inputs": {
        "systems": "systems"
      },
      "locked": {
        "lastModified": 1731533236,
        "narHash": "sha256-l0KFg5HjrsfsO/JpG+r7fRrqm12kzFHyUHqHCVpMMbI=",
        "owner": "numtide",
        "repo": "flake-utils",
        "rev": "11707dc2f618dd54ca8739b309ec4fc024de578b",
        "type": "github"
      },
      "original": {
        "owner": "numtide",
        "repo": "flake-utils",
        "type": "github"
      }
    }
  },
  "root": "root",
  "version": 7
}
